{
  "object": {
    "pins": [
      {
        "package": "RIPEMD160",
        "repositoryURL": "https://github.com/anquii/RIPEMD160.git",
        "state": {
          "branch": null,
          "revision": "9cb1f16ff43f38c5582bd5d095f58d1fa8b09573",
          "version": "1.0.0"
        }
      },
      {
        "package": "secp256k1",
        "repositoryURL": "https://github.com/GigaBitcoin/secp256k1.swift.git",
        "state": {
          "branch": null,
          "revision": "c61f15293e1c4617299b8b91efdd06f583de1148",
          "version": "0.4.0"
        }
      }
    ]
  },
  "version": 1
}
